
Microsoft Visual Studio Solution File, Format Version 12.00
# Visual Studio Version 17
VisualStudioVersion = 17.2.32616.157
MinimumVisualStudioVersion = 10.0.40219.1
Project("{9A19103F-16F7-4668-BE54-9A1E7A4F7556}") = "Server", "Server\Server.csproj", "{7892E001-9C4D-4DD4-A0D0-7F5088EE0361}"
EndProject
Project("{9A19103F-16F7-4668-BE54-9A1E7A4F7556}") = "Client", "Client\Client.csproj", "{D45B8F9E-C683-451F-AB64-22D685F93B1C}"
EndProject
Project("{9A19103F-16F7-4668-BE54-9A1E7A4F7556}") = "Shared", "Shared\Shared.csproj", "{6BD2414E-4D92-4820-8620-C856A65A984E}"
EndProject
Project("{FAE04EC0-301F-11D3-BF4B-00C04F79EFBC}") = "ClientUI", "ClientUI\ClientUI.csproj", "{9DCA7681-50DC-4CC1-B33B-DD3E66B3CEF3}"
EndProject
Global
	GlobalSection(SolutionConfigurationPlatforms) = preSolution
		Debug|Any CPU = Debug|Any CPU
		Release|Any CPU = Release|Any CPU
	EndGlobalSection
	GlobalSection(ProjectConfigurationPlatforms) = postSolution
		{7892E001-9C4D-4DD4-A0D0-7F5088EE0361}.Debug|Any CPU.ActiveCfg = Debug|Any CPU
		{7892E001-9C4D-4DD4-A0D0-7F5088EE0361}.Debug|Any CPU.Build.0 = Debug|Any CPU
		{7892E001-9C4D-4DD4-A0D0-7F5088EE0361}.Release|Any CPU.ActiveCfg = Release|Any CPU
		{7892E001-9C4D-4DD4-A0D0-7F5088EE0361}.Release|Any CPU.Build.0 = Release|Any CPU
		{D45B8F9E-C683-451F-AB64-22D685F93B1C}.Debug|Any CPU.ActiveCfg = Debug|Any CPU
		{D45B8F9E-C683-451F-AB64-22D685F93B1C}.Debug|Any CPU.Build.0 = Debug|Any CPU
		{D45B8F9E-C683-451F-AB64-22D685F93B1C}.Release|Any CPU.ActiveCfg = Release|Any CPU
		{D45B8F9E-C683-451F-AB64-22D685F93B1C}.Release|Any CPU.Build.0 = Release|Any CPU
		{6BD2414E-4D92-4820-8620-C856A65A984E}.Debug|Any CPU.ActiveCfg = Debug|Any CPU
		{6BD2414E-4D92-4820-8620-C856A65A984E}.Debug|Any CPU.Build.0 = Debug|Any CPU
		{6BD2414E-4D92-4820-8620-C856A65A984E}.Release|Any CPU.ActiveCfg = Release|Any CPU
		{6BD2414E-4D92-4820-8620-C856A65A984E}.Release|Any CPU.Build.0 = Release|Any CPU
		{9DCA7681-50DC-4CC1-B33B-DD3E66B3CEF3}.Debug|Any CPU.ActiveCfg = Debug|Any CPU
		{9DCA7681-50DC-4CC1-B33B-DD3E66B3CEF3}.Debug|Any CPU.Build.0 = Debug|Any CPU
		{9DCA7681-50DC-4CC1-B33B-DD3E66B3CEF3}.Release|Any CPU.ActiveCfg = Release|Any CPU
		{9DCA7681-50DC-4CC1-B33B-DD3E66B3CEF3}.Release|Any CPU.Build.0 = Release|Any CPU
	EndGlobalSection
	GlobalSection(SolutionProperties) = preSolution
		HideSolutionNode = FALSE
	EndGlobalSection
	GlobalSection(ExtensibilityGlobals) = postSolution
		SolutionGuid = {8A86EA95-ABD9-445E-85E6-B9307CFA7046}
	EndGlobalSection
EndGlobal
